
Microsoft Visual Studio Solution File, Format Version 12.00
# Visual Studio Version 17
VisualStudioVersion = 17.14.36414.22 d17.14
MinimumVisualStudioVersion = 10.0.40219.1
Project("{FAE04EC0-301F-11D3-BF4B-00C04F79EFBC}") = "APICatalogo", "APICatalogo\APICatalogo.csproj", "{ED9F45E6-B976-49FD-832C-9C2F7A03C58B}"
EndProject
Global
	GlobalSection(SolutionConfigurationPlatforms) = preSolution
		Debug|Any CPU = Debug|Any CPU
		Release|Any CPU = Release|Any CPU
	EndGlobalSection
	GlobalSection(ProjectConfigurationPlatforms) = postSolution
		{ED9F45E6-B976-49FD-832C-9C2F7A03C58B}.Debug|Any CPU.ActiveCfg = Debug|Any CPU
		{ED9F45E6-B976-49FD-832C-9C2F7A03C58B}.Debug|Any CPU.Build.0 = Debug|Any CPU
		{ED9F45E6-B976-49FD-832C-9C2F7A03C58B}.Release|Any CPU.ActiveCfg = Release|Any CPU
		{ED9F45E6-B976-49FD-832C-9C2F7A03C58B}.Release|Any CPU.Build.0 = Release|Any CPU
	EndGlobalSection
	GlobalSection(SolutionProperties) = preSolution
		HideSolutionNode = FALSE
	EndGlobalSection
	GlobalSection(ExtensibilityGlobals) = postSolution
		SolutionGuid = {C513B064-F1F7-48BF-B841-A3ADD9A690B6}
	EndGlobalSection
EndGlobal
